
Microsoft Visual Studio Solution File, Format Version 12.00
# Visual Studio Version 17
VisualStudioVersion = 17.14.36310.24
MinimumVisualStudioVersion = 10.0.40219.1
Project("{FAE04EC0-301F-11D3-BF4B-00C04F79EFBC}") = "c", "c.csproj", "{538062AD-FB1D-4580-B259-1D7ED12358F5}"
EndProject
Global
	GlobalSection(SolutionConfigurationPlatforms) = preSolution
		Debug|Any CPU = Debug|Any CPU
		Release|Any CPU = Release|Any CPU
	EndGlobalSection
	GlobalSection(ProjectConfigurationPlatforms) = postSolution
		{538062AD-FB1D-4580-B259-1D7ED12358F5}.Debug|Any CPU.ActiveCfg = Debug|Any CPU
		{538062AD-FB1D-4580-B259-1D7ED12358F5}.Debug|Any CPU.Build.0 = Debug|Any CPU
		{538062AD-FB1D-4580-B259-1D7ED12358F5}.Release|Any CPU.ActiveCfg = Release|Any CPU
		{538062AD-FB1D-4580-B259-1D7ED12358F5}.Release|Any CPU.Build.0 = Release|Any CPU
	EndGlobalSection
	GlobalSection(SolutionProperties) = preSolution
		HideSolutionNode = FALSE
	EndGlobalSection
	GlobalSection(ExtensibilityGlobals) = postSolution
		SolutionGuid = {1AEE02A2-8999-44F3-A0BC-5A7691E34250}
	EndGlobalSection
EndGlobal
